
Microsoft Visual Studio Solution File, Format Version 12.00
# Visual Studio Version 17
VisualStudioVersion = 17.4.32916.344
MinimumVisualStudioVersion = 10.0.40219.1
Project("{FAE04EC0-301F-11D3-BF4B-00C04F79EFBC}") = "ArabiaCellSms", "ArabiaCellSms\ArabiaCellSms.csproj", "{7FC1D4FA-FE59-4067-AF16-BCC43772D13C}"
EndProject
Global
	GlobalSection(SolutionConfigurationPlatforms) = preSolution
		Debug|Any CPU = Debug|Any CPU
		Release|Any CPU = Release|Any CPU
	EndGlobalSection
	GlobalSection(ProjectConfigurationPlatforms) = postSolution
		{7FC1D4FA-FE59-4067-AF16-BCC43772D13C}.Debug|Any CPU.ActiveCfg = Debug|Any CPU
		{7FC1D4FA-FE59-4067-AF16-BCC43772D13C}.Debug|Any CPU.Build.0 = Debug|Any CPU
		{7FC1D4FA-FE59-4067-AF16-BCC43772D13C}.Release|Any CPU.ActiveCfg = Release|Any CPU
		{7FC1D4FA-FE59-4067-AF16-BCC43772D13C}.Release|Any CPU.Build.0 = Release|Any CPU
	EndGlobalSection
	GlobalSection(SolutionProperties) = preSolution
		HideSolutionNode = FALSE
	EndGlobalSection
	GlobalSection(ExtensibilityGlobals) = postSolution
		SolutionGuid = {F28F26DF-004A-49C7-B8E9-FF2F8F20BDF3}
	EndGlobalSection
EndGlobal
